// !$*UTF8*$!
{
	archiveVersion = 1;
	classes = {
	};
	objectVersion = 46;
	objects = {

/* Begin PBXBuildFile section */
		BA1951F313A1986E00AA6F59 /* UIKit.framework in Frameworks */ = {isa = PBXBuildFile; fileRef = BA1951F213A1986E00AA6F59 /* UIKit.framework */; };
		BA1951F513A1986E00AA6F59 /* Foundation.framework in Frameworks */ = {isa = PBXBuildFile; fileRef = BA1951F413A1986E00AA6F59 /* Foundation.framework */; };
		BA1951F713A1986E00AA6F59 /* CoreGraphics.framework in Frameworks */ = {isa = PBXBuildFile; fileRef = BA1951F613A1986E00AA6F59 /* CoreGraphics.framework */; };
		BA1951FD13A1986E00AA6F59 /* InfoPlist.strings in Resources */ = {isa = PBXBuildFile; fileRef = BA1951FB13A1986E00AA6F59 /* InfoPlist.strings */; };
		BA19520013A1986E00AA6F59 /* main.m in Sources */ = {isa = PBXBuildFile; fileRef = BA1951FF13A1986E00AA6F59 /* main.m */; };
		BA19520313A1986E00AA6F59 /* ChurchLifeAppDelegate.m in Sources */ = {isa = PBXBuildFile; fileRef = BA19520213A1986E00AA6F59 /* ChurchLifeAppDelegate.m */; };
		BA19520613A1986E00AA6F59 /* MainWindow.xib in Resources */ = {isa = PBXBuildFile; fileRef = BA19520413A1986E00AA6F59 /* MainWindow.xib */; };
		BA19522B13A19AFC00AA6F59 /* PeopleSearchViewController.m in Sources */ = {isa = PBXBuildFile; fileRef = BA19522913A19AFC00AA6F59 /* PeopleSearchViewController.m */; };
		BA19522C13A19AFC00AA6F59 /* PeopleSearchViewController.xib in Resources */ = {isa = PBXBuildFile; fileRef = BA19522A13A19AFC00AA6F59 /* PeopleSearchViewController.xib */; };
		BA19523113A19B9700AA6F59 /* CalendarViewController.m in Sources */ = {isa = PBXBuildFile; fileRef = BA19522F13A19B9700AA6F59 /* CalendarViewController.m */; };
		BA19523213A19B9700AA6F59 /* CalendarViewController.xib in Resources */ = {isa = PBXBuildFile; fileRef = BA19523013A19B9700AA6F59 /* CalendarViewController.xib */; };
		BA19523613A19BAD00AA6F59 /* SettingsViewController.m in Sources */ = {isa = PBXBuildFile; fileRef = BA19523413A19BAD00AA6F59 /* SettingsViewController.m */; };
		BA19523713A19BAD00AA6F59 /* SettingsViewController.xib in Resources */ = {isa = PBXBuildFile; fileRef = BA19523513A19BAD00AA6F59 /* SettingsViewController.xib */; };
		BA25AC9913B38ED3002AA61A /* LoginViewController.m in Sources */ = {isa = PBXBuildFile; fileRef = BA25AC9713B38ED3002AA61A /* LoginViewController.m */; };
		BA25AC9A13B38ED3002AA61A /* LoginViewController.xib in Resources */ = {isa = PBXBuildFile; fileRef = BA25AC9813B38ED3002AA61A /* LoginViewController.xib */; };
		BA6E19C213AFC10100C18960 /* QuartzCore.framework in Frameworks */ = {isa = PBXBuildFile; fileRef = BA6E19C113AFC10100C18960 /* QuartzCore.framework */; };
		BA6E1A0213AFCB4300C18960 /* PeopleDetailViewController.m in Sources */ = {isa = PBXBuildFile; fileRef = BA6E1A0013AFCB4300C18960 /* PeopleDetailViewController.m */; };
		BA6E1A0313AFCB4300C18960 /* PeopleDetailViewController.xib in Resources */ = {isa = PBXBuildFile; fileRef = BA6E1A0113AFCB4300C18960 /* PeopleDetailViewController.xib */; };
		BA6E1A2B13AFE6FD00C18960 /* CFNetwork.framework in Frameworks */ = {isa = PBXBuildFile; fileRef = BA6E1A2A13AFE6FC00C18960 /* CFNetwork.framework */; };
		BA6E1A2D13AFE70600C18960 /* SystemConfiguration.framework in Frameworks */ = {isa = PBXBuildFile; fileRef = BA6E1A2C13AFE70600C18960 /* SystemConfiguration.framework */; };
		BA6E1A2F13AFE71100C18960 /* MobileCoreServices.framework in Frameworks */ = {isa = PBXBuildFile; fileRef = BA6E1A2E13AFE71100C18960 /* MobileCoreServices.framework */; };
		BA6E1A3113AFE73500C18960 /* libz.dylib in Frameworks */ = {isa = PBXBuildFile; fileRef = BA6E1A3013AFE73500C18960 /* libz.dylib */; };
		BAB3262913ABAD8400F8B2AD /* JSONKit.m in Sources */ = {isa = PBXBuildFile; fileRef = BAB3262813ABAD8400F8B2AD /* JSONKit.m */; };
		BAB3262E13ABBB5000F8B2AD /* AcsLink.m in Sources */ = {isa = PBXBuildFile; fileRef = BAB3262D13ABBB5000F8B2AD /* AcsLink.m */; };
		CE19BEB013AFBD1700A62939 /* calendar.png in Resources */ = {isa = PBXBuildFile; fileRef = CE19BEA413AFBD1700A62939 /* calendar.png */; };
		CE19BEB113AFBD1700A62939 /* calendar@2x.png in Resources */ = {isa = PBXBuildFile; fileRef = CE19BEA513AFBD1700A62939 /* calendar@2x.png */; };
		CE19BEB213AFBD1700A62939 /* Default.png in Resources */ = {isa = PBXBuildFile; fileRef = CE19BEA613AFBD1700A62939 /* Default.png */; };
		CE19BEB313AFBD1700A62939 /* Default@2x.png in Resources */ = {isa = PBXBuildFile; fileRef = CE19BEA713AFBD1700A62939 /* Default@2x.png */; };
		CE19BEB413AFBD1700A62939 /* home.png in Resources */ = {isa = PBXBuildFile; fileRef = CE19BEA813AFBD1700A62939 /* home.png */; };
		CE19BEB513AFBD1700A62939 /* home@2x.png in Resources */ = {isa = PBXBuildFile; fileRef = CE19BEA913AFBD1700A62939 /* home@2x.png */; };
		CE19BEB613AFBD1700A62939 /* icon.png in Resources */ = {isa = PBXBuildFile; fileRef = CE19BEAA13AFBD1700A62939 /* icon.png */; };
		CE19BEB713AFBD1700A62939 /* icon@2x.png in Resources */ = {isa = PBXBuildFile; fileRef = CE19BEAB13AFBD1700A62939 /* icon@2x.png */; };
		CE19BEB813AFBD1700A62939 /* people.png in Resources */ = {isa = PBXBuildFile; fileRef = CE19BEAC13AFBD1700A62939 /* people.png */; };
		CE19BEB913AFBD1700A62939 /* people@2x.png in Resources */ = {isa = PBXBuildFile; fileRef = CE19BEAD13AFBD1700A62939 /* people@2x.png */; };
		CE19BEBA13AFBD1700A62939 /* settings.png in Resources */ = {isa = PBXBuildFile; fileRef = CE19BEAE13AFBD1700A62939 /* settings.png */; };
		CE19BEBB13AFBD1700A62939 /* settings@2x.png in Resources */ = {isa = PBXBuildFile; fileRef = CE19BEAF13AFBD1700A62939 /* settings@2x.png */; };
		CE19BEBF13AFBD7A00A62939 /* disclosure-arrow.png in Resources */ = {isa = PBXBuildFile; fileRef = CE19BEBE13AFBD7A00A62939 /* disclosure-arrow.png */; };
		CE19BEC313AFBD9500A62939 /* CalendarCell.m in Sources */ = {isa = PBXBuildFile; fileRef = CE19BEC113AFBD9500A62939 /* CalendarCell.m */; };
		CE19BEC413AFBD9500A62939 /* CalendarCell.xib in Resources */ = {isa = PBXBuildFile; fileRef = CE19BEC213AFBD9500A62939 /* CalendarCell.xib */; };
		CE19BEDC13B0D86300A62939 /* CalendarDetailViewController.m in Sources */ = {isa = PBXBuildFile; fileRef = CE19BEDA13B0D86200A62939 /* CalendarDetailViewController.m */; };
		CE19BEDD13B0D86300A62939 /* CalendarDetailViewController.xib in Resources */ = {isa = PBXBuildFile; fileRef = CE19BEDB13B0D86200A62939 /* CalendarDetailViewController.xib */; };
		CE19BEE413B1226800A62939 /* SplitCell.m in Sources */ = {isa = PBXBuildFile; fileRef = CE19BEE313B1226700A62939 /* SplitCell.m */; };
		CE19BEE613B1229000A62939 /* SplitCell.xib in Resources */ = {isa = PBXBuildFile; fileRef = CE19BEE513B1228F00A62939 /* SplitCell.xib */; };
		CE813D1F13DDE7A1000A3515 /* AcsLogin.m in Sources */ = {isa = PBXBuildFile; fileRef = CE813D1E13DDE7A1000A3515 /* AcsLogin.m */; };
		CE9E11C713DA0F4300C08319 /* CurrentIdentity.m in Sources */ = {isa = PBXBuildFile; fileRef = CE9E11C613DA0F4300C08319 /* CurrentIdentity.m */; };
		CEBE8DD513D0BCD200B52044 /* LoadingView.xib in Resources */ = {isa = PBXBuildFile; fileRef = CEBE8DD413D0BCD200B52044 /* LoadingView.xib */; };
		CEDB83BB13B5110B00FEC747 /* churchlife.logo.login.png in Resources */ = {isa = PBXBuildFile; fileRef = CEDB83BA13B5110A00FEC747 /* churchlife.logo.login.png */; };
		CEDB83BD13B5112A00FEC747 /* no-person-photo.png in Resources */ = {isa = PBXBuildFile; fileRef = CEDB83BC13B5112A00FEC747 /* no-person-photo.png */; };
/* End PBXBuildFile section */

/* Begin PBXFileReference section */
		BA1951EE13A1986E00AA6F59 /* ChurchLife.app */ = {isa = PBXFileReference; explicitFileType = wrapper.application; includeInIndex = 0; path = ChurchLife.app; sourceTree = BUILT_PRODUCTS_DIR; };
		BA1951F213A1986E00AA6F59 /* UIKit.framework */ = {isa = PBXFileReference; lastKnownFileType = wrapper.framework; name = UIKit.framework; path = System/Library/Frameworks/UIKit.framework; sourceTree = SDKROOT; };
		BA1951F413A1986E00AA6F59 /* Foundation.framework */ = {isa = PBXFileReference; lastKnownFileType = wrapper.framework; name = Foundation.framework; path = System/Library/Frameworks/Foundation.framework; sourceTree = SDKROOT; };
		BA1951F613A1986E00AA6F59 /* CoreGraphics.framework */ = {isa = PBXFileReference; lastKnownFileType = wrapper.framework; name = CoreGraphics.framework; path = System/Library/Frameworks/CoreGraphics.framework; sourceTree = SDKROOT; };
		BA1951FA13A1986E00AA6F59 /* ChurchLife-Info.plist */ = {isa = PBXFileReference; lastKnownFileType = text.plist.xml; path = "ChurchLife-Info.plist"; sourceTree = "<group>"; };
		BA1951FC13A1986E00AA6F59 /* en */ = {isa = PBXFileReference; lastKnownFileType = text.plist.strings; name = en; path = en.lproj/InfoPlist.strings; sourceTree = "<group>"; };
		BA1951FE13A1986E00AA6F59 /* ChurchLife-Prefix.pch */ = {isa = PBXFileReference; lastKnownFileType = sourcecode.c.h; path = "ChurchLife-Prefix.pch"; sourceTree = "<group>"; };
		BA1951FF13A1986E00AA6F59 /* main.m */ = {isa = PBXFileReference; lastKnownFileType = sourcecode.c.objc; path = main.m; sourceTree = "<group>"; };
		BA19520113A1986E00AA6F59 /* ChurchLifeAppDelegate.h */ = {isa = PBXFileReference; lastKnownFileType = sourcecode.c.h; path = ChurchLifeAppDelegate.h; sourceTree = "<group>"; };
		BA19520213A1986E00AA6F59 /* ChurchLifeAppDelegate.m */ = {isa = PBXFileReference; lastKnownFileType = sourcecode.c.objc; path = ChurchLifeAppDelegate.m; sourceTree = "<group>"; };
		BA19520513A1986E00AA6F59 /* en */ = {isa = PBXFileReference; lastKnownFileType = file.xib; name = en; path = en.lproj/MainWindow.xib; sourceTree = "<group>"; };
		BA19522813A19AFC00AA6F59 /* PeopleSearchViewController.h */ = {isa = PBXFileReference; fileEncoding = 4; lastKnownFileType = sourcecode.c.h; path = PeopleSearchViewController.h; sourceTree = "<group>"; };
		BA19522913A19AFC00AA6F59 /* PeopleSearchViewController.m */ = {isa = PBXFileReference; fileEncoding = 4; lastKnownFileType = sourcecode.c.objc; path = PeopleSearchViewController.m; sourceTree = "<group>"; };
		BA19522A13A19AFC00AA6F59 /* PeopleSearchViewController.xib */ = {isa = PBXFileReference; fileEncoding = 4; lastKnownFileType = file.xib; path = PeopleSearchViewController.xib; sourceTree = "<group>"; };
		BA19522E13A19B9700AA6F59 /* CalendarViewController.h */ = {isa = PBXFileReference; fileEncoding = 4; lastKnownFileType = sourcecode.c.h; path = CalendarViewController.h; sourceTree = "<group>"; };
		BA19522F13A19B9700AA6F59 /* CalendarViewController.m */ = {isa = PBXFileReference; fileEncoding = 4; lastKnownFileType = sourcecode.c.objc; path = CalendarViewController.m; sourceTree = "<group>"; };
		BA19523013A19B9700AA6F59 /* CalendarViewController.xib */ = {isa = PBXFileReference; fileEncoding = 4; lastKnownFileType = file.xib; path = CalendarViewController.xib; sourceTree = "<group>"; };
		BA19523313A19BAD00AA6F59 /* SettingsViewController.h */ = {isa = PBXFileReference; fileEncoding = 4; lastKnownFileType = sourcecode.c.h; path = SettingsViewController.h; sourceTree = "<group>"; };
		BA19523413A19BAD00AA6F59 /* SettingsViewController.m */ = {isa = PBXFileReference; fileEncoding = 4; lastKnownFileType = sourcecode.c.objc; path = SettingsViewController.m; sourceTree = "<group>"; };
		BA19523513A19BAD00AA6F59 /* SettingsViewController.xib */ = {isa = PBXFileReference; fileEncoding = 4; lastKnownFileType = file.xib; path = SettingsViewController.xib; sourceTree = "<group>"; };
		BA25AC9613B38ED3002AA61A /* LoginViewController.h */ = {isa = PBXFileReference; fileEncoding = 4; lastKnownFileType = sourcecode.c.h; path = LoginViewController.h; sourceTree = "<group>"; };
		BA25AC9713B38ED3002AA61A /* LoginViewController.m */ = {isa = PBXFileReference; fileEncoding = 4; lastKnownFileType = sourcecode.c.objc; path = LoginViewController.m; sourceTree = "<group>"; };
		BA25AC9813B38ED3002AA61A /* LoginViewController.xib */ = {isa = PBXFileReference; fileEncoding = 4; lastKnownFileType = file.xib; path = LoginViewController.xib; sourceTree = "<group>"; };
		BA6E19C113AFC10100C18960 /* QuartzCore.framework */ = {isa = PBXFileReference; lastKnownFileType = wrapper.framework; name = QuartzCore.framework; path = System/Library/Frameworks/QuartzCore.framework; sourceTree = SDKROOT; };
		BA6E19FF13AFCB4300C18960 /* PeopleDetailViewController.h */ = {isa = PBXFileReference; fileEncoding = 4; lastKnownFileType = sourcecode.c.h; path = PeopleDetailViewController.h; sourceTree = "<group>"; };
		BA6E1A0013AFCB4300C18960 /* PeopleDetailViewController.m */ = {isa = PBXFileReference; fileEncoding = 4; lastKnownFileType = sourcecode.c.objc; path = PeopleDetailViewController.m; sourceTree = "<group>"; };
		BA6E1A0113AFCB4300C18960 /* PeopleDetailViewController.xib */ = {isa = PBXFileReference; fileEncoding = 4; lastKnownFileType = file.xib; path = PeopleDetailViewController.xib; sourceTree = "<group>"; };
		BA6E1A2A13AFE6FC00C18960 /* CFNetwork.framework */ = {isa = PBXFileReference; lastKnownFileType = wrapper.framework; name = CFNetwork.framework; path = System/Library/Frameworks/CFNetwork.framework; sourceTree = SDKROOT; };
		BA6E1A2C13AFE70600C18960 /* SystemConfiguration.framework */ = {isa = PBXFileReference; lastKnownFileType = wrapper.framework; name = SystemConfiguration.framework; path = System/Library/Frameworks/SystemConfiguration.framework; sourceTree = SDKROOT; };
		BA6E1A2E13AFE71100C18960 /* MobileCoreServices.framework */ = {isa = PBXFileReference; lastKnownFileType = wrapper.framework; name = MobileCoreServices.framework; path = System/Library/Frameworks/MobileCoreServices.framework; sourceTree = SDKROOT; };
		BA6E1A3013AFE73500C18960 /* libz.dylib */ = {isa = PBXFileReference; lastKnownFileType = "compiled.mach-o.dylib"; name = libz.dylib; path = usr/lib/libz.dylib; sourceTree = SDKROOT; };
		BAB3262713ABAD8400F8B2AD /* JSONKit.h */ = {isa = PBXFileReference; fileEncoding = 4; lastKnownFileType = sourcecode.c.h; name = JSONKit.h; path = json/JSONKit.h; sourceTree = "<group>"; };
		BAB3262813ABAD8400F8B2AD /* JSONKit.m */ = {isa = PBXFileReference; fileEncoding = 4; lastKnownFileType = sourcecode.c.objc; name = JSONKit.m; path = json/JSONKit.m; sourceTree = "<group>"; };
		BAB3262C13ABBB5000F8B2AD /* AcsLink.h */ = {isa = PBXFileReference; fileEncoding = 4; lastKnownFileType = sourcecode.c.h; path = AcsLink.h; sourceTree = "<group>"; };
		BAB3262D13ABBB5000F8B2AD /* AcsLink.m */ = {isa = PBXFileReference; fileEncoding = 4; lastKnownFileType = sourcecode.c.objc; path = AcsLink.m; sourceTree = "<group>"; };
		CE19BEA413AFBD1700A62939 /* calendar.png */ = {isa = PBXFileReference; lastKnownFileType = image.png; path = calendar.png; sourceTree = "<group>"; };
		CE19BEA513AFBD1700A62939 /* calendar@2x.png */ = {isa = PBXFileReference; lastKnownFileType = image.png; path = "calendar@2x.png"; sourceTree = "<group>"; };
		CE19BEA613AFBD1700A62939 /* Default.png */ = {isa = PBXFileReference; lastKnownFileType = image.png; path = Default.png; sourceTree = "<group>"; };
		CE19BEA713AFBD1700A62939 /* Default@2x.png */ = {isa = PBXFileReference; lastKnownFileType = image.png; path = "Default@2x.png"; sourceTree = "<group>"; };
		CE19BEA813AFBD1700A62939 /* home.png */ = {isa = PBXFileReference; lastKnownFileType = image.png; path = home.png; sourceTree = "<group>"; };
		CE19BEA913AFBD1700A62939 /* home@2x.png */ = {isa = PBXFileReference; lastKnownFileType = image.png; path = "home@2x.png"; sourceTree = "<group>"; };
		CE19BEAA13AFBD1700A62939 /* icon.png */ = {isa = PBXFileReference; lastKnownFileType = image.png; path = icon.png; sourceTree = "<group>"; };
		CE19BEAB13AFBD1700A62939 /* icon@2x.png */ = {isa = PBXFileReference; lastKnownFileType = image.png; path = "icon@2x.png"; sourceTree = "<group>"; };
		CE19BEAC13AFBD1700A62939 /* people.png */ = {isa = PBXFileReference; lastKnownFileType = image.png; path = people.png; sourceTree = "<group>"; };
		CE19BEAD13AFBD1700A62939 /* people@2x.png */ = {isa = PBXFileReference; lastKnownFileType = image.png; path = "people@2x.png"; sourceTree = "<group>"; };
		CE19BEAE13AFBD1700A62939 /* settings.png */ = {isa = PBXFileReference; lastKnownFileType = image.png; path = settings.png; sourceTree = "<group>"; };
		CE19BEAF13AFBD1700A62939 /* settings@2x.png */ = {isa = PBXFileReference; lastKnownFileType = image.png; path = "settings@2x.png"; sourceTree = "<group>"; };
		CE19BEBE13AFBD7A00A62939 /* disclosure-arrow.png */ = {isa = PBXFileReference; lastKnownFileType = image.png; path = "disclosure-arrow.png"; sourceTree = "<group>"; };
		CE19BEC013AFBD9500A62939 /* CalendarCell.h */ = {isa = PBXFileReference; fileEncoding = 4; lastKnownFileType = sourcecode.c.h; path = CalendarCell.h; sourceTree = "<group>"; };
		CE19BEC113AFBD9500A62939 /* CalendarCell.m */ = {isa = PBXFileReference; fileEncoding = 4; lastKnownFileType = sourcecode.c.objc; path = CalendarCell.m; sourceTree = "<group>"; };
		CE19BEC213AFBD9500A62939 /* CalendarCell.xib */ = {isa = PBXFileReference; fileEncoding = 4; lastKnownFileType = file.xib; path = CalendarCell.xib; sourceTree = "<group>"; };
		CE19BED913B0D86100A62939 /* CalendarDetailViewController.h */ = {isa = PBXFileReference; fileEncoding = 4; lastKnownFileType = sourcecode.c.h; path = CalendarDetailViewController.h; sourceTree = "<group>"; };
		CE19BEDA13B0D86200A62939 /* CalendarDetailViewController.m */ = {isa = PBXFileReference; fileEncoding = 4; lastKnownFileType = sourcecode.c.objc; path = CalendarDetailViewController.m; sourceTree = "<group>"; };
		CE19BEDB13B0D86200A62939 /* CalendarDetailViewController.xib */ = {isa = PBXFileReference; fileEncoding = 4; lastKnownFileType = file.xib; path = CalendarDetailViewController.xib; sourceTree = "<group>"; };
		CE19BEE213B1226700A62939 /* SplitCell.h */ = {isa = PBXFileReference; fileEncoding = 4; lastKnownFileType = sourcecode.c.h; name = SplitCell.h; path = ChurchLife.xcodeproj/SplitCell.h; sourceTree = SOURCE_ROOT; };
		CE19BEE313B1226700A62939 /* SplitCell.m */ = {isa = PBXFileReference; fileEncoding = 4; lastKnownFileType = sourcecode.c.objc; name = SplitCell.m; path = ChurchLife.xcodeproj/SplitCell.m; sourceTree = SOURCE_ROOT; };
		CE19BEE513B1228F00A62939 /* SplitCell.xib */ = {isa = PBXFileReference; fileEncoding = 4; lastKnownFileType = file.xib; path = SplitCell.xib; sourceTree = "<group>"; };
		CE813D1D13DDE7A1000A3515 /* AcsLogin.h */ = {isa = PBXFileReference; fileEncoding = 4; lastKnownFileType = sourcecode.c.h; path = AcsLogin.h; sourceTree = "<group>"; };
		CE813D1E13DDE7A1000A3515 /* AcsLogin.m */ = {isa = PBXFileReference; fileEncoding = 4; lastKnownFileType = sourcecode.c.objc; path = AcsLogin.m; sourceTree = "<group>"; };
		CE9E11C513DA0F4300C08319 /* CurrentIdentity.h */ = {isa = PBXFileReference; fileEncoding = 4; lastKnownFileType = sourcecode.c.h; path = CurrentIdentity.h; sourceTree = "<group>"; };
		CE9E11C613DA0F4300C08319 /* CurrentIdentity.m */ = {isa = PBXFileReference; fileEncoding = 4; lastKnownFileType = sourcecode.c.objc; path = CurrentIdentity.m; sourceTree = "<group>"; };
		CEBE8DD413D0BCD200B52044 /* LoadingView.xib */ = {isa = PBXFileReference; fileEncoding = 4; lastKnownFileType = file.xib; path = LoadingView.xib; sourceTree = "<group>"; };
		CEDB83BA13B5110A00FEC747 /* churchlife.logo.login.png */ = {isa = PBXFileReference; lastKnownFileType = image.png; path = churchlife.logo.login.png; sourceTree = "<group>"; };
		CEDB83BC13B5112A00FEC747 /* no-person-photo.png */ = {isa = PBXFileReference; lastKnownFileType = image.png; path = "no-person-photo.png"; sourceTree = "<group>"; };
/* End PBXFileReference section */

/* Begin PBXFrameworksBuildPhase section */
		BA1951EB13A1986E00AA6F59 /* Frameworks */ = {
			isa = PBXFrameworksBuildPhase;
			buildActionMask = 2147483647;
			files = (
				BA6E1A3113AFE73500C18960 /* libz.dylib in Frameworks */,
				BA6E1A2F13AFE71100C18960 /* MobileCoreServices.framework in Frameworks */,
				BA6E1A2D13AFE70600C18960 /* SystemConfiguration.framework in Frameworks */,
				BA6E1A2B13AFE6FD00C18960 /* CFNetwork.framework in Frameworks */,
				BA6E19C213AFC10100C18960 /* QuartzCore.framework in Frameworks */,
				BA1951F313A1986E00AA6F59 /* UIKit.framework in Frameworks */,
				BA1951F513A1986E00AA6F59 /* Foundation.framework in Frameworks */,
				BA1951F713A1986E00AA6F59 /* CoreGraphics.framework in Frameworks */,
			);
			runOnlyForDeploymentPostprocessing = 0;
		};
/* End PBXFrameworksBuildPhase section */

/* Begin PBXGroup section */
		BA1951E313A1986E00AA6F59 = {
			isa = PBXGroup;
			children = (
				BA6E1A3013AFE73500C18960 /* libz.dylib */,
				BA6E1A2E13AFE71100C18960 /* MobileCoreServices.framework */,
				BA6E1A2C13AFE70600C18960 /* SystemConfiguration.framework */,
				BA6E1A2A13AFE6FC00C18960 /* CFNetwork.framework */,
				BA1951F813A1986E00AA6F59 /* ChurchLife */,
				BA1951F113A1986E00AA6F59 /* Frameworks */,
				BA1951EF13A1986E00AA6F59 /* Products */,
			);
			sourceTree = "<group>";
		};
		BA1951EF13A1986E00AA6F59 /* Products */ = {
			isa = PBXGroup;
			children = (
				BA1951EE13A1986E00AA6F59 /* ChurchLife.app */,
			);
			name = Products;
			sourceTree = "<group>";
		};
		BA1951F113A1986E00AA6F59 /* Frameworks */ = {
			isa = PBXGroup;
			children = (
				BA6E19C113AFC10100C18960 /* QuartzCore.framework */,
				BA1951F213A1986E00AA6F59 /* UIKit.framework */,
				BA1951F413A1986E00AA6F59 /* Foundation.framework */,
				BA1951F613A1986E00AA6F59 /* CoreGraphics.framework */,
			);
			name = Frameworks;
			sourceTree = "<group>";
		};
		BA1951F813A1986E00AA6F59 /* ChurchLife */ = {
			isa = PBXGroup;
			children = (
				BAB3262B13ABBB1700F8B2AD /* Acs */,
				BAB3262613ABAD4300F8B2AD /* json */,
				CE19BEA113AFBCCF00A62939 /* Resources */,
				BA1951F913A1986E00AA6F59 /* Supporting Files */,
				CE19BEC013AFBD9500A62939 /* CalendarCell.h */,
				CE19BEC113AFBD9500A62939 /* CalendarCell.m */,
				CE19BEC213AFBD9500A62939 /* CalendarCell.xib */,
				CE19BEE213B1226700A62939 /* SplitCell.h */,
				CE19BEE313B1226700A62939 /* SplitCell.m */,
				CE19BEE513B1228F00A62939 /* SplitCell.xib */,
				BA19520113A1986E00AA6F59 /* ChurchLifeAppDelegate.h */,
				BA19520213A1986E00AA6F59 /* ChurchLifeAppDelegate.m */,
				CEBE8DD413D0BCD200B52044 /* LoadingView.xib */,
				BA19520413A1986E00AA6F59 /* MainWindow.xib */,
				BA19522813A19AFC00AA6F59 /* PeopleSearchViewController.h */,
				BA19522913A19AFC00AA6F59 /* PeopleSearchViewController.m */,
				BA19522A13A19AFC00AA6F59 /* PeopleSearchViewController.xib */,
				BA19522E13A19B9700AA6F59 /* CalendarViewController.h */,
				BA19522F13A19B9700AA6F59 /* CalendarViewController.m */,
				BA19523013A19B9700AA6F59 /* CalendarViewController.xib */,
				CE19BED913B0D86100A62939 /* CalendarDetailViewController.h */,
				CE19BEDA13B0D86200A62939 /* CalendarDetailViewController.m */,
				CE19BEDB13B0D86200A62939 /* CalendarDetailViewController.xib */,
				BA19523313A19BAD00AA6F59 /* SettingsViewController.h */,
				BA19523413A19BAD00AA6F59 /* SettingsViewController.m */,
				BA19523513A19BAD00AA6F59 /* SettingsViewController.xib */,
				BA6E19FF13AFCB4300C18960 /* PeopleDetailViewController.h */,
				BA6E1A0013AFCB4300C18960 /* PeopleDetailViewController.m */,
				BA6E1A0113AFCB4300C18960 /* PeopleDetailViewController.xib */,
				BA25AC9613B38ED3002AA61A /* LoginViewController.h */,
				BA25AC9713B38ED3002AA61A /* LoginViewController.m */,
				BA25AC9813B38ED3002AA61A /* LoginViewController.xib */,
			);
			path = ChurchLife;
			sourceTree = "<group>";
		};
		BA1951F913A1986E00AA6F59 /* Supporting Files */ = {
			isa = PBXGroup;
			children = (
				BA1951FA13A1986E00AA6F59 /* ChurchLife-Info.plist */,
				BA1951FB13A1986E00AA6F59 /* InfoPlist.strings */,
				BA1951FE13A1986E00AA6F59 /* ChurchLife-Prefix.pch */,
				BA1951FF13A1986E00AA6F59 /* main.m */,
			);
			name = "Supporting Files";
			sourceTree = "<group>";
		};
		BAB3262613ABAD4300F8B2AD /* json */ = {
			isa = PBXGroup;
			children = (
				BAB3262713ABAD8400F8B2AD /* JSONKit.h */,
				BAB3262813ABAD8400F8B2AD /* JSONKit.m */,
			);
			name = json;
			sourceTree = "<group>";
		};
		BAB3262B13ABBB1700F8B2AD /* Acs */ = {
			isa = PBXGroup;
			children = (
				CE813D2113DDE7A8000A3515 /* classes */,
				BAB3262C13ABBB5000F8B2AD /* AcsLink.h */,
				BAB3262D13ABBB5000F8B2AD /* AcsLink.m */,
				CE9E11C513DA0F4300C08319 /* CurrentIdentity.h */,
				CE9E11C613DA0F4300C08319 /* CurrentIdentity.m */,
			);
			name = Acs;
			sourceTree = "<group>";
		};
		CE19BEA113AFBCCF00A62939 /* Resources */ = {
			isa = PBXGroup;
			children = (
				CE19BEA313AFBCD900A62939 /* images */,
			);
			name = Resources;
			sourceTree = "<group>";
		};
		CE19BEA313AFBCD900A62939 /* images */ = {
			isa = PBXGroup;
			children = (
				CEDB83BC13B5112A00FEC747 /* no-person-photo.png */,
				CEDB83BA13B5110A00FEC747 /* churchlife.logo.login.png */,
				CE19BEBE13AFBD7A00A62939 /* disclosure-arrow.png */,
				CE19BEA413AFBD1700A62939 /* calendar.png */,
				CE19BEA513AFBD1700A62939 /* calendar@2x.png */,
				CE19BEA613AFBD1700A62939 /* Default.png */,
				CE19BEA713AFBD1700A62939 /* Default@2x.png */,
				CE19BEA813AFBD1700A62939 /* home.png */,
				CE19BEA913AFBD1700A62939 /* home@2x.png */,
				CE19BEAA13AFBD1700A62939 /* icon.png */,
				CE19BEAB13AFBD1700A62939 /* icon@2x.png */,
				CE19BEAC13AFBD1700A62939 /* people.png */,
				CE19BEAD13AFBD1700A62939 /* people@2x.png */,
				CE19BEAE13AFBD1700A62939 /* settings.png */,
				CE19BEAF13AFBD1700A62939 /* settings@2x.png */,
			);
			name = images;
			sourceTree = "<group>";
		};
		CE813D2113DDE7A8000A3515 /* classes */ = {
			isa = PBXGroup;
			children = (
				CE813D1D13DDE7A1000A3515 /* AcsLogin.h */,
				CE813D1E13DDE7A1000A3515 /* AcsLogin.m */,
			);
			name = classes;
			sourceTree = "<group>";
		};
/* End PBXGroup section */

/* Begin PBXNativeTarget section */
		BA1951ED13A1986E00AA6F59 /* ChurchLife */ = {
			isa = PBXNativeTarget;
			buildConfigurationList = BA19521513A1986E00AA6F59 /* Build configuration list for PBXNativeTarget "ChurchLife" */;
			buildPhases = (
				BA1951EA13A1986E00AA6F59 /* Sources */,
				BA1951EB13A1986E00AA6F59 /* Frameworks */,
				BA1951EC13A1986E00AA6F59 /* Resources */,
			);
			buildRules = (
			);
			dependencies = (
			);
			name = ChurchLife;
			productName = ChurchLife;
			productReference = BA1951EE13A1986E00AA6F59 /* ChurchLife.app */;
			productType = "com.apple.product-type.application";
		};
/* End PBXNativeTarget section */

/* Begin PBXProject section */
		BA1951E513A1986E00AA6F59 /* Project object */ = {
			isa = PBXProject;
			attributes = {
				ORGANIZATIONNAME = "ACS Technologies";
			};
			buildConfigurationList = BA1951E813A1986E00AA6F59 /* Build configuration list for PBXProject "ChurchLife" */;
			compatibilityVersion = "Xcode 3.2";
			developmentRegion = English;
			hasScannedForEncodings = 0;
			knownRegions = (
				en,
			);
			mainGroup = BA1951E313A1986E00AA6F59;
			productRefGroup = BA1951EF13A1986E00AA6F59 /* Products */;
			projectDirPath = "";
			projectRoot = "";
			targets = (
				BA1951ED13A1986E00AA6F59 /* ChurchLife */,
			);
		};
/* End PBXProject section */

/* Begin PBXResourcesBuildPhase section */
		BA1951EC13A1986E00AA6F59 /* Resources */ = {
			isa = PBXResourcesBuildPhase;
			buildActionMask = 2147483647;
			files = (
				BA1951FD13A1986E00AA6F59 /* InfoPlist.strings in Resources */,
				BA19520613A1986E00AA6F59 /* MainWindow.xib in Resources */,
				BA19522C13A19AFC00AA6F59 /* PeopleSearchViewController.xib in Resources */,
				BA19523213A19B9700AA6F59 /* CalendarViewController.xib in Resources */,
				BA19523713A19BAD00AA6F59 /* SettingsViewController.xib in Resources */,
				CE19BEB013AFBD1700A62939 /* calendar.png in Resources */,
				CE19BEB113AFBD1700A62939 /* calendar@2x.png in Resources */,
				CE19BEB213AFBD1700A62939 /* Default.png in Resources */,
				CE19BEB313AFBD1700A62939 /* Default@2x.png in Resources */,
				CE19BEB413AFBD1700A62939 /* home.png in Resources */,
				CE19BEB513AFBD1700A62939 /* home@2x.png in Resources */,
				CE19BEB613AFBD1700A62939 /* icon.png in Resources */,
				CE19BEB713AFBD1700A62939 /* icon@2x.png in Resources */,
				CE19BEB813AFBD1700A62939 /* people.png in Resources */,
				CE19BEB913AFBD1700A62939 /* people@2x.png in Resources */,
				CE19BEBA13AFBD1700A62939 /* settings.png in Resources */,
				CE19BEBB13AFBD1700A62939 /* settings@2x.png in Resources */,
				CE19BEBF13AFBD7A00A62939 /* disclosure-arrow.png in Resources */,
				CE19BEC413AFBD9500A62939 /* CalendarCell.xib in Resources */,
				BA6E1A0313AFCB4300C18960 /* PeopleDetailViewController.xib in Resources */,
				CE19BEDD13B0D86300A62939 /* CalendarDetailViewController.xib in Resources */,
				CE19BEE613B1229000A62939 /* SplitCell.xib in Resources */,
				BA25AC9A13B38ED3002AA61A /* LoginViewController.xib in Resources */,
				CEDB83BB13B5110B00FEC747 /* churchlife.logo.login.png in Resources */,
				CEDB83BD13B5112A00FEC747 /* no-person-photo.png in Resources */,
				CEBE8DD513D0BCD200B52044 /* LoadingView.xib in Resources */,
			);
			runOnlyForDeploymentPostprocessing = 0;
		};
/* End PBXResourcesBuildPhase section */

/* Begin PBXSourcesBuildPhase section */
		BA1951EA13A1986E00AA6F59 /* Sources */ = {
			isa = PBXSourcesBuildPhase;
			buildActionMask = 2147483647;
			files = (
				BA19520013A1986E00AA6F59 /* main.m in Sources */,
				BA19520313A1986E00AA6F59 /* ChurchLifeAppDelegate.m in Sources */,
				BA19522B13A19AFC00AA6F59 /* PeopleSearchViewController.m in Sources */,
				BA19523113A19B9700AA6F59 /* CalendarViewController.m in Sources */,
				BA19523613A19BAD00AA6F59 /* SettingsViewController.m in Sources */,
				BAB3262913ABAD8400F8B2AD /* JSONKit.m in Sources */,
				BAB3262E13ABBB5000F8B2AD /* AcsLink.m in Sources */,
				CE19BEC313AFBD9500A62939 /* CalendarCell.m in Sources */,
				BA6E1A0213AFCB4300C18960 /* PeopleDetailViewController.m in Sources */,
				CE19BEDC13B0D86300A62939 /* CalendarDetailViewController.m in Sources */,
				CE19BEE413B1226800A62939 /* SplitCell.m in Sources */,
				BA25AC9913B38ED3002AA61A /* LoginViewController.m in Sources */,
				CE9E11C713DA0F4300C08319 /* CurrentIdentity.m in Sources */,
				CE813D1F13DDE7A1000A3515 /* AcsLogin.m in Sources */,
			);
			runOnlyForDeploymentPostprocessing = 0;
		};
/* End PBXSourcesBuildPhase section */

/* Begin PBXVariantGroup section */
		BA1951FB13A1986E00AA6F59 /* InfoPlist.strings */ = {
			isa = PBXVariantGroup;
			children = (
				BA1951FC13A1986E00AA6F59 /* en */,
			);
			name = InfoPlist.strings;
			sourceTree = "<group>";
		};
		BA19520413A1986E00AA6F59 /* MainWindow.xib */ = {
			isa = PBXVariantGroup;
			children = (
				BA19520513A1986E00AA6F59 /* en */,
			);
			name = MainWindow.xib;
			sourceTree = "<group>";
		};
/* End PBXVariantGroup section */

/* Begin XCBuildConfiguration section */
		BA19521313A1986E00AA6F59 /* Debug */ = {
			isa = XCBuildConfiguration;
			buildSettings = {
				ARCHS = "$(ARCHS_STANDARD_32_BIT)";
				"CODE_SIGN_IDENTITY[sdk=iphoneos*]" = "iPhone Developer";
				GCC_C_LANGUAGE_STANDARD = gnu99;
				GCC_OPTIMIZATION_LEVEL = 0;
				GCC_PREPROCESSOR_DEFINITIONS = DEBUG;
				GCC_SYMBOLS_PRIVATE_EXTERN = NO;
				GCC_VERSION = com.apple.compilers.llvmgcc42;
				GCC_WARN_ABOUT_RETURN_TYPE = YES;
				GCC_WARN_UNUSED_VARIABLE = YES;
				IPHONEOS_DEPLOYMENT_TARGET = 4.3;
				SDKROOT = iphoneos;
			};
			name = Debug;
		};
		BA19521413A1986E00AA6F59 /* Release */ = {
			isa = XCBuildConfiguration;
			buildSettings = {
				ARCHS = "$(ARCHS_STANDARD_32_BIT)";
				"CODE_SIGN_IDENTITY[sdk=iphoneos*]" = "iPhone Developer";
				GCC_C_LANGUAGE_STANDARD = gnu99;
				GCC_VERSION = com.apple.compilers.llvmgcc42;
				GCC_WARN_ABOUT_RETURN_TYPE = YES;
				GCC_WARN_UNUSED_VARIABLE = YES;
				IPHONEOS_DEPLOYMENT_TARGET = 4.3;
				OTHER_CFLAGS = "-DNS_BLOCK_ASSERTIONS=1";
				SDKROOT = iphoneos;
			};
			name = Release;
		};
		BA19521613A1986E00AA6F59 /* Debug */ = {
			isa = XCBuildConfiguration;
			buildSettings = {
				ALWAYS_SEARCH_USER_PATHS = NO;
				COPY_PHASE_STRIP = NO;
				GCC_DYNAMIC_NO_PIC = NO;
				GCC_PRECOMPILE_PREFIX_HEADER = YES;
				GCC_PREFIX_HEADER = "ChurchLife/ChurchLife-Prefix.pch";
				INFOPLIST_FILE = "ChurchLife/ChurchLife-Info.plist";
				PRODUCT_NAME = "$(TARGET_NAME)";
				WRAPPER_EXTENSION = app;
			};
			name = Debug;
		};
		BA19521713A1986E00AA6F59 /* Release */ = {
			isa = XCBuildConfiguration;
			buildSettings = {
				ALWAYS_SEARCH_USER_PATHS = NO;
				COPY_PHASE_STRIP = YES;
				GCC_PRECOMPILE_PREFIX_HEADER = YES;
				GCC_PREFIX_HEADER = "ChurchLife/ChurchLife-Prefix.pch";
				INFOPLIST_FILE = "ChurchLife/ChurchLife-Info.plist";
				PRODUCT_NAME = "$(TARGET_NAME)";
				VALIDATE_PRODUCT = YES;
				WRAPPER_EXTENSION = app;
			};
			name = Release;
		};
/* End XCBuildConfiguration section */

/* Begin XCConfigurationList section */
		BA1951E813A1986E00AA6F59 /* Build configuration list for PBXProject "ChurchLife" */ = {
			isa = XCConfigurationList;
			buildConfigurations = (
				BA19521313A1986E00AA6F59 /* Debug */,
				BA19521413A1986E00AA6F59 /* Release */,
			);
			defaultConfigurationIsVisible = 0;
			defaultConfigurationName = Release;
		};
		BA19521513A1986E00AA6F59 /* Build configuration list for PBXNativeTarget "ChurchLife" */ = {
			isa = XCConfigurationList;
			buildConfigurations = (
				BA19521613A1986E00AA6F59 /* Debug */,
				BA19521713A1986E00AA6F59 /* Release */,
			);
			defaultConfigurationIsVisible = 0;
			defaultConfigurationName = Release;
		};
/* End XCConfigurationList section */
	};
	rootObject = BA1951E513A1986E00AA6F59 /* Project object */;
}
